
Microsoft Visual Studio Solution File, Format Version 12.00
# Visual Studio 15
VisualStudioVersion = 15.0.27130.2027
MinimumVisualStudioVersion = 10.0.40219.1
Project("{FAE04EC0-301F-11D3-BF4B-00C04F79EFBC}") = "CVWebSolution", "CVWebSolution\CVWebSolution.csproj", "{B24C88E5-B923-4BD2-AD2B-0A4A33C2CA67}"
EndProject
Global
	GlobalSection(SolutionConfigurationPlatforms) = preSolution
		Debug|Any CPU = Debug|Any CPU
		Release|Any CPU = Release|Any CPU
	EndGlobalSection
	GlobalSection(ProjectConfigurationPlatforms) = postSolution
		{B24C88E5-B923-4BD2-AD2B-0A4A33C2CA67}.Debug|Any CPU.ActiveCfg = Debug|Any CPU
		{B24C88E5-B923-4BD2-AD2B-0A4A33C2CA67}.Debug|Any CPU.Build.0 = Debug|Any CPU
		{B24C88E5-B923-4BD2-AD2B-0A4A33C2CA67}.Release|Any CPU.ActiveCfg = Release|Any CPU
		{B24C88E5-B923-4BD2-AD2B-0A4A33C2CA67}.Release|Any CPU.Build.0 = Release|Any CPU
	EndGlobalSection
	GlobalSection(SolutionProperties) = preSolution
		HideSolutionNode = FALSE
	EndGlobalSection
	GlobalSection(ExtensibilityGlobals) = postSolution
		SolutionGuid = {92243FC8-EC89-403E-8EB1-337029AF02AA}
	EndGlobalSection
EndGlobal
